
Microsoft Visual Studio Solution File, Format Version 12.00
Project("{2150E333-8FDC-42A3-9474-1A3956D46DE8}") = "DataKit.RelationalDatabases", "DataKit.RelationalDatabases", "{2CAD19AD-1404-4BAF-94DB-E06BCFF9F6FE}"
EndProject
Project("{FAE04EC0-301F-11D3-BF4B-00C04F79EFBC}") = "DataKit.RelationalDatabases.ORM", "src\DataKit.RelationalDatabases\DataKit.RelationalDatabases.ORM\DataKit.RelationalDatabases.ORM.csproj", "{8EC24B99-B669-41A5-9F5B-695599222768}"
EndProject
Project("{FAE04EC0-301F-11D3-BF4B-00C04F79EFBC}") = "DataKit.RelationalDatabases.Queries", "src\DataKit.RelationalDatabases\DataKit.RelationalDatabases.Queries\DataKit.RelationalDatabases.Queries.csproj", "{EA7BCBAE-4A41-4ED2-9B28-E289B8B58E02}"
EndProject
Global
	GlobalSection(SolutionConfigurationPlatforms) = preSolution
		Debug|Any CPU = Debug|Any CPU
		Release|Any CPU = Release|Any CPU
	EndGlobalSection
	GlobalSection(NestedProjects) = preSolution
		{8EC24B99-B669-41A5-9F5B-695599222768} = {2CAD19AD-1404-4BAF-94DB-E06BCFF9F6FE}
		{EA7BCBAE-4A41-4ED2-9B28-E289B8B58E02} = {2CAD19AD-1404-4BAF-94DB-E06BCFF9F6FE}
	EndGlobalSection
	GlobalSection(ProjectConfigurationPlatforms) = postSolution
		{8EC24B99-B669-41A5-9F5B-695599222768}.Debug|Any CPU.ActiveCfg = Debug|Any CPU
		{8EC24B99-B669-41A5-9F5B-695599222768}.Debug|Any CPU.Build.0 = Debug|Any CPU
		{8EC24B99-B669-41A5-9F5B-695599222768}.Release|Any CPU.ActiveCfg = Release|Any CPU
		{8EC24B99-B669-41A5-9F5B-695599222768}.Release|Any CPU.Build.0 = Release|Any CPU
		{EA7BCBAE-4A41-4ED2-9B28-E289B8B58E02}.Debug|Any CPU.ActiveCfg = Debug|Any CPU
		{EA7BCBAE-4A41-4ED2-9B28-E289B8B58E02}.Debug|Any CPU.Build.0 = Debug|Any CPU
		{EA7BCBAE-4A41-4ED2-9B28-E289B8B58E02}.Release|Any CPU.ActiveCfg = Release|Any CPU
		{EA7BCBAE-4A41-4ED2-9B28-E289B8B58E02}.Release|Any CPU.Build.0 = Release|Any CPU
	EndGlobalSection
EndGlobal
